
Microsoft Visual Studio Solution File, Format Version 12.00
# Visual Studio Version 17
VisualStudioVersion = 17.11.35111.106
MinimumVisualStudioVersion = 10.0.40219.1
Project("{9A19103F-16F7-4668-BE54-9A1E7A4F7556}") = "SHJI", "SHJI\SHJI.csproj", "{BB162F77-5031-4559-9284-D6CDAFAF6005}"
EndProject
Project("{9A19103F-16F7-4668-BE54-9A1E7A4F7556}") = "Core", "Core\Core.csproj", "{5119E6D1-75D2-4A9E-B5AA-B7660868B353}"
EndProject
Project("{2150E333-8FDC-42A3-9474-1A3956D46DE8}") = "Solution Items", "Solution Items", "{CC3E36F0-C504-42C3-9120-2E9365CD1E05}"
EndProject
Global
	GlobalSection(SolutionConfigurationPlatforms) = preSolution
		Debug|Any CPU = Debug|Any CPU
		Release|Any CPU = Release|Any CPU
	EndGlobalSection
	GlobalSection(ProjectConfigurationPlatforms) = postSolution
		{BB162F77-5031-4559-9284-D6CDAFAF6005}.Debug|Any CPU.ActiveCfg = Debug|Any CPU
		{BB162F77-5031-4559-9284-D6CDAFAF6005}.Debug|Any CPU.Build.0 = Debug|Any CPU
		{BB162F77-5031-4559-9284-D6CDAFAF6005}.Release|Any CPU.ActiveCfg = Release|Any CPU
		{BB162F77-5031-4559-9284-D6CDAFAF6005}.Release|Any CPU.Build.0 = Release|Any CPU
		{5119E6D1-75D2-4A9E-B5AA-B7660868B353}.Debug|Any CPU.ActiveCfg = Debug|Any CPU
		{5119E6D1-75D2-4A9E-B5AA-B7660868B353}.Debug|Any CPU.Build.0 = Debug|Any CPU
		{5119E6D1-75D2-4A9E-B5AA-B7660868B353}.Release|Any CPU.ActiveCfg = Release|Any CPU
		{5119E6D1-75D2-4A9E-B5AA-B7660868B353}.Release|Any CPU.Build.0 = Release|Any CPU
	EndGlobalSection
	GlobalSection(SolutionProperties) = preSolution
		HideSolutionNode = FALSE
	EndGlobalSection
	GlobalSection(ExtensibilityGlobals) = postSolution
		SolutionGuid = {7E7EAD7D-0A72-41EB-B091-3A5A85123BF1}
	EndGlobalSection
EndGlobal
